# This file is automatically @generated by Cargo.
# It is not intended for manual editing.
version = 4

[[package]]
name = "dive-abi"
version = "0.1.0"

[[package]]
name = "dive-firmware"
version = "0.1.0"
dependencies = [
 "dive-abi",
]

[[package]]
name = "dive-kernel"
version = "0.1.0"
dependencies = [
 "dive-abi",
]
